
Microsoft Visual Studio Solution File, Format Version 12.00
# Visual Studio Version 17
VisualStudioVersion = 17.0.31903.59
MinimumVisualStudioVersion = 10.0.40219.1
Project("{FAE04EC0-301F-11D3-BF4B-00C04F79EFBC}") = "Fillwords.Console", "Fillwords.Console\Fillwords.Console.csproj", "{B3B960FE-1869-46B7-894C-DF151FCCBA71}"
EndProject
Project("{FAE04EC0-301F-11D3-BF4B-00C04F79EFBC}") = "FillWords.Logic", "FillWords.Logic\FillWords.Logic.csproj", "{9543DDB6-D5A5-402B-BB68-4FC81B371429}"
EndProject
Project("{FAE04EC0-301F-11D3-BF4B-00C04F79EFBC}") = "FillWords.WPF", "FillWords.WPF\FillWords.WPF.csproj", "{0ED2B869-3DEE-48C2-AA50-83EE58FA1DC4}"
EndProject
Global
	GlobalSection(SolutionConfigurationPlatforms) = preSolution
		Debug|Any CPU = Debug|Any CPU
		Release|Any CPU = Release|Any CPU
	EndGlobalSection
	GlobalSection(SolutionProperties) = preSolution
		HideSolutionNode = FALSE
	EndGlobalSection
	GlobalSection(ProjectConfigurationPlatforms) = postSolution
		{B3B960FE-1869-46B7-894C-DF151FCCBA71}.Debug|Any CPU.ActiveCfg = Debug|Any CPU
		{B3B960FE-1869-46B7-894C-DF151FCCBA71}.Debug|Any CPU.Build.0 = Debug|Any CPU
		{B3B960FE-1869-46B7-894C-DF151FCCBA71}.Release|Any CPU.ActiveCfg = Release|Any CPU
		{B3B960FE-1869-46B7-894C-DF151FCCBA71}.Release|Any CPU.Build.0 = Release|Any CPU
		{9543DDB6-D5A5-402B-BB68-4FC81B371429}.Debug|Any CPU.ActiveCfg = Debug|Any CPU
		{9543DDB6-D5A5-402B-BB68-4FC81B371429}.Debug|Any CPU.Build.0 = Debug|Any CPU
		{9543DDB6-D5A5-402B-BB68-4FC81B371429}.Release|Any CPU.ActiveCfg = Release|Any CPU
		{9543DDB6-D5A5-402B-BB68-4FC81B371429}.Release|Any CPU.Build.0 = Release|Any CPU
		{0ED2B869-3DEE-48C2-AA50-83EE58FA1DC4}.Debug|Any CPU.ActiveCfg = Debug|Any CPU
		{0ED2B869-3DEE-48C2-AA50-83EE58FA1DC4}.Debug|Any CPU.Build.0 = Debug|Any CPU
		{0ED2B869-3DEE-48C2-AA50-83EE58FA1DC4}.Release|Any CPU.ActiveCfg = Release|Any CPU
		{0ED2B869-3DEE-48C2-AA50-83EE58FA1DC4}.Release|Any CPU.Build.0 = Release|Any CPU
	EndGlobalSection
EndGlobal
